
Microsoft Visual Studio Solution File, Format Version 12.00
# Visual Studio Version 17
VisualStudioVersion = 17.6.33829.357
MinimumVisualStudioVersion = 10.0.40219.1
Project("{FAE04EC0-301F-11D3-BF4B-00C04F79EFBC}") = "Collections_And_Algos", "Collections_And_Algos\Collections_And_Algos.csproj", "{4744A8BE-1134-411F-9031-DFBB42B250CD}"
EndProject
Project("{FAE04EC0-301F-11D3-BF4B-00C04F79EFBC}") = "Collections", "Collections\Collections.csproj", "{27EE3564-8F7D-43D9-BED2-A7D25C485DDE}"
EndProject
Global
	GlobalSection(SolutionConfigurationPlatforms) = preSolution
		Debug|Any CPU = Debug|Any CPU
		Release|Any CPU = Release|Any CPU
	EndGlobalSection
	GlobalSection(ProjectConfigurationPlatforms) = postSolution
		{4744A8BE-1134-411F-9031-DFBB42B250CD}.Debug|Any CPU.ActiveCfg = Debug|Any CPU
		{4744A8BE-1134-411F-9031-DFBB42B250CD}.Debug|Any CPU.Build.0 = Debug|Any CPU
		{4744A8BE-1134-411F-9031-DFBB42B250CD}.Release|Any CPU.ActiveCfg = Release|Any CPU
		{4744A8BE-1134-411F-9031-DFBB42B250CD}.Release|Any CPU.Build.0 = Release|Any CPU
		{27EE3564-8F7D-43D9-BED2-A7D25C485DDE}.Debug|Any CPU.ActiveCfg = Debug|Any CPU
		{27EE3564-8F7D-43D9-BED2-A7D25C485DDE}.Debug|Any CPU.Build.0 = Debug|Any CPU
		{27EE3564-8F7D-43D9-BED2-A7D25C485DDE}.Release|Any CPU.ActiveCfg = Release|Any CPU
		{27EE3564-8F7D-43D9-BED2-A7D25C485DDE}.Release|Any CPU.Build.0 = Release|Any CPU
	EndGlobalSection
	GlobalSection(SolutionProperties) = preSolution
		HideSolutionNode = FALSE
	EndGlobalSection
	GlobalSection(ExtensibilityGlobals) = postSolution
		SolutionGuid = {E7FA46BB-F603-43A1-A2F4-32E8D674E09E}
	EndGlobalSection
EndGlobal
